# THIS IS AN AUTOGENERATED FILE. DO NOT EDIT THIS FILE DIRECTLY.
# yarn lockfile v1


fullcalendar@^5.6.0:
  version "5.6.0"
  resolved "https://registry.yarnpkg.com/fullcalendar/-/fullcalendar-5.6.0.tgz#d840a43a27f2ff856af313c84a627ac8b3238d8f"
  integrity sha512-7wk/QVrjMkh5c4cKo8Lk6QdOAp833beBmlltmPPEphPA1b+g4PPeQjnihBU4JHPi6Du2rAu0H2cE+gTXEebKjA==
