# THIS IS AN AUTOGENERATED FILE. DO NOT EDIT THIS FILE DIRECTLY.
# yarn lockfile v1


"@fullcalendar/common@~5.6.0":
  version "5.6.0"
  resolved "https://registry.yarnpkg.com/@fullcalendar/common/-/common-5.6.0.tgz#27206084df07fbab33a67478b0d9b05542b09b79"
  integrity sha512-4i4kZDVpRvfdKoJHRljDHsoYu466Odor9FhekP+67dIUoNnXSDTnQRmGfURwiF4RwaTsdWKe2+B7gors9G7zZA==
  dependencies:
    tslib "^2.0.3"

"@fullcalendar/core@^5.6.0":
  version "5.6.0"
  resolved "https://registry.yarnpkg.com/@fullcalendar/core/-/core-5.6.0.tgz#c0ea59235047828c9d0409432966bebc71df0bec"
  integrity sha512-RK7WM2oWAd4GJ3Ib6a3ftTmz2UxUD4N2JmH8ml+E3bprS9/wjnfvZppikx30UxKUBCAzQcBGOKV8GXh0Wk7FvA==
  dependencies:
    "@fullcalendar/common" "~5.6.0"
    preact "^10.0.5"
    tslib "^2.0.3"

preact@^10.0.5:
  version "10.5.13"
  resolved "https://registry.yarnpkg.com/preact/-/preact-10.5.13.tgz#85f6c9197ecd736ce8e3bec044d08fd1330fa019"
  integrity sha512-q/vlKIGNwzTLu+jCcvywgGrt+H/1P/oIRSD6mV4ln3hmlC+Aa34C7yfPI4+5bzW8pONyVXYS7SvXosy2dKKtWQ==

tslib@^2.0.3:
  version "2.2.0"
  resolved "https://registry.yarnpkg.com/tslib/-/tslib-2.2.0.tgz#fb2c475977e35e241311ede2693cee1ec6698f5c"
  integrity sha512-gS9GVHRU+RGn5KQM2rllAlR3dU6m7AcpJKdtH8gFvQiC4Otgk98XnmMU+nZenHt/+VhnBPWwgrJsyrdcw6i23w==
